
Microsoft Visual Studio Solution File, Format Version 12.00
# Visual Studio Version 16
VisualStudioVersion = 16.0.29411.108
MinimumVisualStudioVersion = 10.0.40219.1
Project("{FAE04EC0-301F-11D3-BF4B-00C04F79EFBC}") = "ShellBoost.Samples.Overview", "ShellBoost.Samples.Overview\ShellBoost.Samples.Overview.csproj", "{7B86E302-0061-463C-AEE9-98D136B29D5B}"
EndProject
Project("{FAE04EC0-301F-11D3-BF4B-00C04F79EFBC}") = "ShellBoost.Samples.RegistryFolder", "ShellBoost.Samples.RegistryFolder\ShellBoost.Samples.RegistryFolder.csproj", "{1239CE18-0F83-4A2D-B859-0D6BE275D280}"
EndProject
Project("{FAE04EC0-301F-11D3-BF4B-00C04F79EFBC}") = "ShellBoost.Samples.WebFolder", "ShellBoost.Samples.WebFolder\ShellBoost.Samples.WebFolder.csproj", "{63F15FB2-A161-45C8-B9D9-89B2CE8378E7}"
EndProject
Project("{FAE04EC0-301F-11D3-BF4B-00C04F79EFBC}") = "ShellBoost.Samples.WebFolderSite", "ShellBoost.Samples.WebFolderSite\ShellBoost.Samples.WebFolderSite.csproj", "{CAE626D1-C610-4ABA-A970-0120084848AA}"
EndProject
Project("{FAE04EC0-301F-11D3-BF4B-00C04F79EFBC}") = "ShellBoost.Samples.LocalFolder", "ShellBoost.Samples.LocalFolder\ShellBoost.Samples.LocalFolder.csproj", "{701FCAAC-38A3-4EDD-B869-CB5D94200FDE}"
EndProject
Project("{FAE04EC0-301F-11D3-BF4B-00C04F79EFBC}") = "ShellBoost.Samples.FolderService", "ShellBoost.Samples.FolderService\ShellBoost.Samples.FolderService.csproj", "{71D62CDC-75C9-4F2C-A481-943960018EDF}"
EndProject
Project("{FAE04EC0-301F-11D3-BF4B-00C04F79EFBC}") = "ShellBoost.Samples.SevenZipFolder", "ShellBoost.Samples.SevenZipFolder\ShellBoost.Samples.SevenZipFolder.csproj", "{19BEAE69-F655-49E1-B84E-42646C1E3990}"
EndProject
Project("{FAE04EC0-301F-11D3-BF4B-00C04F79EFBC}") = "ShellBoost.Samples.PhysicalOverview", "ShellBoost.Samples.PhysicalOverview\ShellBoost.Samples.PhysicalOverview.csproj", "{2A759BA7-0EAB-42CE-8798-BCAD95CF2FF8}"
EndProject
Project("{FAE04EC0-301F-11D3-BF4B-00C04F79EFBC}") = "ShellBoost.Samples.GoogleDriveFolder", "ShellBoost.Samples.GoogleDriveFolder\ShellBoost.Samples.GoogleDriveFolder.csproj", "{9029CAB1-B317-479F-93C5-8D07842FD893}"
EndProject
Global
	GlobalSection(SolutionConfigurationPlatforms) = preSolution
		Debug|Any CPU = Debug|Any CPU
		Release|Any CPU = Release|Any CPU
	EndGlobalSection
	GlobalSection(ProjectConfigurationPlatforms) = postSolution
		{7B86E302-0061-463C-AEE9-98D136B29D5B}.Debug|Any CPU.ActiveCfg = Debug|Any CPU
		{7B86E302-0061-463C-AEE9-98D136B29D5B}.Debug|Any CPU.Build.0 = Debug|Any CPU
		{7B86E302-0061-463C-AEE9-98D136B29D5B}.Release|Any CPU.ActiveCfg = Release|Any CPU
		{7B86E302-0061-463C-AEE9-98D136B29D5B}.Release|Any CPU.Build.0 = Release|Any CPU
		{1239CE18-0F83-4A2D-B859-0D6BE275D280}.Debug|Any CPU.ActiveCfg = Debug|Any CPU
		{1239CE18-0F83-4A2D-B859-0D6BE275D280}.Debug|Any CPU.Build.0 = Debug|Any CPU
		{1239CE18-0F83-4A2D-B859-0D6BE275D280}.Release|Any CPU.ActiveCfg = Release|Any CPU
		{1239CE18-0F83-4A2D-B859-0D6BE275D280}.Release|Any CPU.Build.0 = Release|Any CPU
		{63F15FB2-A161-45C8-B9D9-89B2CE8378E7}.Debug|Any CPU.ActiveCfg = Debug|Any CPU
		{63F15FB2-A161-45C8-B9D9-89B2CE8378E7}.Debug|Any CPU.Build.0 = Debug|Any CPU
		{63F15FB2-A161-45C8-B9D9-89B2CE8378E7}.Release|Any CPU.ActiveCfg = Release|Any CPU
		{63F15FB2-A161-45C8-B9D9-89B2CE8378E7}.Release|Any CPU.Build.0 = Release|Any CPU
		{CAE626D1-C610-4ABA-A970-0120084848AA}.Debug|Any CPU.ActiveCfg = Debug|Any CPU
		{CAE626D1-C610-4ABA-A970-0120084848AA}.Debug|Any CPU.Build.0 = Debug|Any CPU
		{CAE626D1-C610-4ABA-A970-0120084848AA}.Release|Any CPU.ActiveCfg = Release|Any CPU
		{CAE626D1-C610-4ABA-A970-0120084848AA}.Release|Any CPU.Build.0 = Release|Any CPU
		{701FCAAC-38A3-4EDD-B869-CB5D94200FDE}.Debug|Any CPU.ActiveCfg = Debug|Any CPU
		{701FCAAC-38A3-4EDD-B869-CB5D94200FDE}.Debug|Any CPU.Build.0 = Debug|Any CPU
		{701FCAAC-38A3-4EDD-B869-CB5D94200FDE}.Release|Any CPU.ActiveCfg = Release|Any CPU
		{701FCAAC-38A3-4EDD-B869-CB5D94200FDE}.Release|Any CPU.Build.0 = Release|Any CPU
		{71D62CDC-75C9-4F2C-A481-943960018EDF}.Debug|Any CPU.ActiveCfg = Debug|Any CPU
		{71D62CDC-75C9-4F2C-A481-943960018EDF}.Debug|Any CPU.Build.0 = Debug|Any CPU
		{71D62CDC-75C9-4F2C-A481-943960018EDF}.Release|Any CPU.ActiveCfg = Release|Any CPU
		{71D62CDC-75C9-4F2C-A481-943960018EDF}.Release|Any CPU.Build.0 = Release|Any CPU
		{19BEAE69-F655-49E1-B84E-42646C1E3990}.Debug|Any CPU.ActiveCfg = Debug|Any CPU
		{19BEAE69-F655-49E1-B84E-42646C1E3990}.Debug|Any CPU.Build.0 = Debug|Any CPU
		{19BEAE69-F655-49E1-B84E-42646C1E3990}.Release|Any CPU.ActiveCfg = Release|Any CPU
		{19BEAE69-F655-49E1-B84E-42646C1E3990}.Release|Any CPU.Build.0 = Release|Any CPU
		{2A759BA7-0EAB-42CE-8798-BCAD95CF2FF8}.Debug|Any CPU.ActiveCfg = Debug|Any CPU
		{2A759BA7-0EAB-42CE-8798-BCAD95CF2FF8}.Debug|Any CPU.Build.0 = Debug|Any CPU
		{2A759BA7-0EAB-42CE-8798-BCAD95CF2FF8}.Release|Any CPU.ActiveCfg = Release|Any CPU
		{2A759BA7-0EAB-42CE-8798-BCAD95CF2FF8}.Release|Any CPU.Build.0 = Release|Any CPU
		{9029CAB1-B317-479F-93C5-8D07842FD893}.Debug|Any CPU.ActiveCfg = Debug|Any CPU
		{9029CAB1-B317-479F-93C5-8D07842FD893}.Debug|Any CPU.Build.0 = Debug|Any CPU
		{9029CAB1-B317-479F-93C5-8D07842FD893}.Release|Any CPU.ActiveCfg = Release|Any CPU
		{9029CAB1-B317-479F-93C5-8D07842FD893}.Release|Any CPU.Build.0 = Release|Any CPU
	EndGlobalSection
	GlobalSection(SolutionProperties) = preSolution
		HideSolutionNode = FALSE
	EndGlobalSection
	GlobalSection(ExtensibilityGlobals) = postSolution
		SolutionGuid = {80AA895E-69FB-4AD1-9432-1EF384B18AE4}
	EndGlobalSection
EndGlobal
