
Microsoft Visual Studio Solution File, Format Version 12.00
# Visual Studio Version 16
VisualStudioVersion = 16.0.29411.108
MinimumVisualStudioVersion = 10.0.40219.1
Project("{FAE04EC0-301F-11D3-BF4B-00C04F79EFBC}") = "ShellBoost.Samples.Overview", "ShellBoost.Samples.Overview\ShellBoost.Samples.Overview.csproj", "{7B86E302-0061-463C-AEE9-98D136B29D5B}"
EndProject
Project("{FAE04EC0-301F-11D3-BF4B-00C04F79EFBC}") = "ShellBoost.Samples.RegistryFolder", "ShellBoost.Samples.RegistryFolder\ShellBoost.Samples.RegistryFolder.csproj", "{1239CE18-0F83-4A2D-B859-0D6BE275D280}"
EndProject
Project("{FAE04EC0-301F-11D3-BF4B-00C04F79EFBC}") = "ShellBoost.Samples.WebFolder", "ShellBoost.Samples.WebFolder\ShellBoost.Samples.WebFolder.csproj", "{63F15FB2-A161-45C8-B9D9-89B2CE8378E7}"
EndProject
Project("{FAE04EC0-301F-11D3-BF4B-00C04F79EFBC}") = "ShellBoost.Samples.WebFolderSite", "ShellBoost.Samples.WebFolderSite\ShellBoost.Samples.WebFolderSite.csproj", "{CAE626D1-C610-4ABA-A970-0120084848AA}"
EndProject
Project("{FAE04EC0-301F-11D3-BF4B-00C04F79EFBC}") = "ShellBoost.Samples.LocalFolder", "ShellBoost.Samples.LocalFolder\ShellBoost.Samples.LocalFolder.csproj", "{701FCAAC-38A3-4EDD-B869-CB5D94200FDE}"
EndProject
Project("{FAE04EC0-301F-11D3-BF4B-00C04F79EFBC}") = "ShellBoost.Samples.FolderService", "ShellBoost.Samples.FolderService\ShellBoost.Samples.FolderService.csproj", "{71D62CDC-75C9-4F2C-A481-943960018EDF}"
EndProject
Project("{FAE04EC0-301F-11D3-BF4B-00C04F79EFBC}") = "ShellBoost.Samples.SevenZipFolder", "ShellBoost.Samples.SevenZipFolder\ShellBoost.Samples.SevenZipFolder.csproj", "{19BEAE69-F655-49E1-B84E-42646C1E3990}"
EndProject
Project("{FAE04EC0-301F-11D3-BF4B-00C04F79EFBC}") = "ShellBoost.Samples.PhysicalOverview", "ShellBoost.Samples.PhysicalOverview\ShellBoost.Samples.PhysicalOverview.csproj", "{2A759BA7-0EAB-42CE-8798-BCAD95CF2FF8}"
EndProject
Project("{FAE04EC0-301F-11D3-BF4B-00C04F79EFBC}") = "ShellBoost.Samples.GoogleDriveFolder", "ShellBoost.Samples.GoogleDriveFolder\ShellBoost.Samples.GoogleDriveFolder.csproj", "{9029CAB1-B317-479F-93C5-8D07842FD893}"
EndProject
Project("{FAE04EC0-301F-11D3-BF4B-00C04F79EFBC}") = "ShellBoost.Samples.MultiHost", "ShellBoost.Samples.MultiHost\ShellBoost.Samples.MultiHost.csproj", "{72501D06-AA4C-4BEE-B6F8-086830AF6C01}"
EndProject
Project("{9A19103F-16F7-4668-BE54-9A1E7A4F7556}") = "ShellBoost.Samples.CoreOverview", "ShellBoost.Samples.CoreOverview\ShellBoost.Samples.CoreOverview.csproj", "{13B6BD77-E0CC-4ACC-81CB-83941BC5C718}"
EndProject
Project("{2150E333-8FDC-42A3-9474-1A3956D46DE8}") = "Solution Items", "Solution Items", "{F1C64E83-58D6-4F6F-AF72-6D2476227E53}"
	ProjectSection(SolutionItems) = preProject
		.editorconfig = .editorconfig
	EndProjectSection
EndProject
Project("{9A19103F-16F7-4668-BE54-9A1E7A4F7556}") = "ShellBoost.Samples.CloudFolder", "ShellBoost.Samples.CloudFolder\ShellBoost.Samples.CloudFolder.csproj", "{F8B3B4D2-C018-4D44-A6A1-2F379351E642}"
EndProject
Project("{9A19103F-16F7-4668-BE54-9A1E7A4F7556}") = "ShellBoost.Samples.CloudFolderSite", "ShellBoost.Samples.CloudFolderSite\ShellBoost.Samples.CloudFolderSite.csproj", "{3C115557-0EF5-4C96-B287-E1D7F38CF92B}"
EndProject
Project("{FAE04EC0-301F-11D3-BF4B-00C04F79EFBC}") = "ShellBoost.Samples.DeviceManagerFolder", "ShellBoost.Samples.DeviceManagerFolder\ShellBoost.Samples.DeviceManagerFolder.csproj", "{7A5D1D37-43C8-42F2-B7DE-D87F1822F5F2}"
EndProject
Global
	GlobalSection(SolutionConfigurationPlatforms) = preSolution
		Debug|Any CPU = Debug|Any CPU
		Release|Any CPU = Release|Any CPU
	EndGlobalSection
	GlobalSection(ProjectConfigurationPlatforms) = postSolution
		{7B86E302-0061-463C-AEE9-98D136B29D5B}.Debug|Any CPU.ActiveCfg = Debug|Any CPU
		{7B86E302-0061-463C-AEE9-98D136B29D5B}.Debug|Any CPU.Build.0 = Debug|Any CPU
		{7B86E302-0061-463C-AEE9-98D136B29D5B}.Release|Any CPU.ActiveCfg = Release|Any CPU
		{7B86E302-0061-463C-AEE9-98D136B29D5B}.Release|Any CPU.Build.0 = Release|Any CPU
		{1239CE18-0F83-4A2D-B859-0D6BE275D280}.Debug|Any CPU.ActiveCfg = Debug|Any CPU
		{1239CE18-0F83-4A2D-B859-0D6BE275D280}.Debug|Any CPU.Build.0 = Debug|Any CPU
		{1239CE18-0F83-4A2D-B859-0D6BE275D280}.Release|Any CPU.ActiveCfg = Release|Any CPU
		{1239CE18-0F83-4A2D-B859-0D6BE275D280}.Release|Any CPU.Build.0 = Release|Any CPU
		{63F15FB2-A161-45C8-B9D9-89B2CE8378E7}.Debug|Any CPU.ActiveCfg = Debug|Any CPU
		{63F15FB2-A161-45C8-B9D9-89B2CE8378E7}.Debug|Any CPU.Build.0 = Debug|Any CPU
		{63F15FB2-A161-45C8-B9D9-89B2CE8378E7}.Release|Any CPU.ActiveCfg = Release|Any CPU
		{63F15FB2-A161-45C8-B9D9-89B2CE8378E7}.Release|Any CPU.Build.0 = Release|Any CPU
		{CAE626D1-C610-4ABA-A970-0120084848AA}.Debug|Any CPU.ActiveCfg = Debug|Any CPU
		{CAE626D1-C610-4ABA-A970-0120084848AA}.Debug|Any CPU.Build.0 = Debug|Any CPU
		{CAE626D1-C610-4ABA-A970-0120084848AA}.Release|Any CPU.ActiveCfg = Release|Any CPU
		{CAE626D1-C610-4ABA-A970-0120084848AA}.Release|Any CPU.Build.0 = Release|Any CPU
		{701FCAAC-38A3-4EDD-B869-CB5D94200FDE}.Debug|Any CPU.ActiveCfg = Debug|Any CPU
		{701FCAAC-38A3-4EDD-B869-CB5D94200FDE}.Debug|Any CPU.Build.0 = Debug|Any CPU
		{701FCAAC-38A3-4EDD-B869-CB5D94200FDE}.Release|Any CPU.ActiveCfg = Release|Any CPU
		{701FCAAC-38A3-4EDD-B869-CB5D94200FDE}.Release|Any CPU.Build.0 = Release|Any CPU
		{71D62CDC-75C9-4F2C-A481-943960018EDF}.Debug|Any CPU.ActiveCfg = Debug|Any CPU
		{71D62CDC-75C9-4F2C-A481-943960018EDF}.Debug|Any CPU.Build.0 = Debug|Any CPU
		{71D62CDC-75C9-4F2C-A481-943960018EDF}.Release|Any CPU.ActiveCfg = Release|Any CPU
		{71D62CDC-75C9-4F2C-A481-943960018EDF}.Release|Any CPU.Build.0 = Release|Any CPU
		{19BEAE69-F655-49E1-B84E-42646C1E3990}.Debug|Any CPU.ActiveCfg = Debug|Any CPU
		{19BEAE69-F655-49E1-B84E-42646C1E3990}.Debug|Any CPU.Build.0 = Debug|Any CPU
		{19BEAE69-F655-49E1-B84E-42646C1E3990}.Release|Any CPU.ActiveCfg = Release|Any CPU
		{19BEAE69-F655-49E1-B84E-42646C1E3990}.Release|Any CPU.Build.0 = Release|Any CPU
		{2A759BA7-0EAB-42CE-8798-BCAD95CF2FF8}.Debug|Any CPU.ActiveCfg = Debug|Any CPU
		{2A759BA7-0EAB-42CE-8798-BCAD95CF2FF8}.Debug|Any CPU.Build.0 = Debug|Any CPU
		{2A759BA7-0EAB-42CE-8798-BCAD95CF2FF8}.Release|Any CPU.ActiveCfg = Release|Any CPU
		{2A759BA7-0EAB-42CE-8798-BCAD95CF2FF8}.Release|Any CPU.Build.0 = Release|Any CPU
		{9029CAB1-B317-479F-93C5-8D07842FD893}.Debug|Any CPU.ActiveCfg = Debug|Any CPU
		{9029CAB1-B317-479F-93C5-8D07842FD893}.Debug|Any CPU.Build.0 = Debug|Any CPU
		{9029CAB1-B317-479F-93C5-8D07842FD893}.Release|Any CPU.ActiveCfg = Release|Any CPU
		{9029CAB1-B317-479F-93C5-8D07842FD893}.Release|Any CPU.Build.0 = Release|Any CPU
		{72501D06-AA4C-4BEE-B6F8-086830AF6C01}.Debug|Any CPU.ActiveCfg = Debug|Any CPU
		{72501D06-AA4C-4BEE-B6F8-086830AF6C01}.Debug|Any CPU.Build.0 = Debug|Any CPU
		{72501D06-AA4C-4BEE-B6F8-086830AF6C01}.Release|Any CPU.ActiveCfg = Release|Any CPU
		{72501D06-AA4C-4BEE-B6F8-086830AF6C01}.Release|Any CPU.Build.0 = Release|Any CPU
		{13B6BD77-E0CC-4ACC-81CB-83941BC5C718}.Debug|Any CPU.ActiveCfg = Debug|Any CPU
		{13B6BD77-E0CC-4ACC-81CB-83941BC5C718}.Debug|Any CPU.Build.0 = Debug|Any CPU
		{13B6BD77-E0CC-4ACC-81CB-83941BC5C718}.Release|Any CPU.ActiveCfg = Release|Any CPU
		{13B6BD77-E0CC-4ACC-81CB-83941BC5C718}.Release|Any CPU.Build.0 = Release|Any CPU
		{F8B3B4D2-C018-4D44-A6A1-2F379351E642}.Debug|Any CPU.ActiveCfg = Debug|Any CPU
		{F8B3B4D2-C018-4D44-A6A1-2F379351E642}.Debug|Any CPU.Build.0 = Debug|Any CPU
		{F8B3B4D2-C018-4D44-A6A1-2F379351E642}.Release|Any CPU.ActiveCfg = Release|Any CPU
		{F8B3B4D2-C018-4D44-A6A1-2F379351E642}.Release|Any CPU.Build.0 = Release|Any CPU
		{3C115557-0EF5-4C96-B287-E1D7F38CF92B}.Debug|Any CPU.ActiveCfg = Debug|Any CPU
		{3C115557-0EF5-4C96-B287-E1D7F38CF92B}.Debug|Any CPU.Build.0 = Debug|Any CPU
		{3C115557-0EF5-4C96-B287-E1D7F38CF92B}.Release|Any CPU.ActiveCfg = Release|Any CPU
		{3C115557-0EF5-4C96-B287-E1D7F38CF92B}.Release|Any CPU.Build.0 = Release|Any CPU
		{7A5D1D37-43C8-42F2-B7DE-D87F1822F5F2}.Debug|Any CPU.ActiveCfg = Debug|Any CPU
		{7A5D1D37-43C8-42F2-B7DE-D87F1822F5F2}.Debug|Any CPU.Build.0 = Debug|Any CPU
		{7A5D1D37-43C8-42F2-B7DE-D87F1822F5F2}.Release|Any CPU.ActiveCfg = Release|Any CPU
		{7A5D1D37-43C8-42F2-B7DE-D87F1822F5F2}.Release|Any CPU.Build.0 = Release|Any CPU
	EndGlobalSection
	GlobalSection(SolutionProperties) = preSolution
		HideSolutionNode = FALSE
	EndGlobalSection
	GlobalSection(ExtensibilityGlobals) = postSolution
		SolutionGuid = {80AA895E-69FB-4AD1-9432-1EF384B18AE4}
	EndGlobalSection
EndGlobal
